
Microsoft Visual Studio Solution File, Format Version 12.00
# Visual Studio 15
VisualStudioVersion = 15.0.27428.1
MinimumVisualStudioVersion = 10.0.40219.1
Project("{FAE04EC0-301F-11D3-BF4B-00C04F79EFBC}") = "Workwork.iOS", "Workwork.iOS\Workwork.iOS.csproj", "{3670C220-05AA-4DD6-934E-F9CCAB7E5DB5}"
EndProject
Project("{FAE04EC0-301F-11D3-BF4B-00C04F79EFBC}") = "Workwork.Core", "Workwork.Core\Workwork.Core.csproj", "{5934995A-6829-4CB5-BFBB-B11FC7AEF1F3}"
EndProject
Project("{2150E333-8FDC-42A3-9474-1A3956D46DE8}") = "Solution Items", "Solution Items", "{179570FC-348F-40D0-A071-FEDB36AEFA36}"
	ProjectSection(SolutionItems) = preProject
		.gitignore = .gitignore
	EndProjectSection
EndProject
Global
	GlobalSection(SolutionConfigurationPlatforms) = preSolution
		Debug|Any CPU = Debug|Any CPU
		Debug|iPhone = Debug|iPhone
		Debug|iPhoneSimulator = Debug|iPhoneSimulator
		Release|Any CPU = Release|Any CPU
		Release|iPhone = Release|iPhone
		Release|iPhoneSimulator = Release|iPhoneSimulator
	EndGlobalSection
	GlobalSection(ProjectConfigurationPlatforms) = postSolution
		{3670C220-05AA-4DD6-934E-F9CCAB7E5DB5}.Debug|Any CPU.ActiveCfg = Debug|iPhone
		{3670C220-05AA-4DD6-934E-F9CCAB7E5DB5}.Debug|iPhone.ActiveCfg = Debug|iPhone
		{3670C220-05AA-4DD6-934E-F9CCAB7E5DB5}.Debug|iPhone.Build.0 = Debug|iPhone
		{3670C220-05AA-4DD6-934E-F9CCAB7E5DB5}.Debug|iPhoneSimulator.ActiveCfg = Debug|iPhoneSimulator
		{3670C220-05AA-4DD6-934E-F9CCAB7E5DB5}.Debug|iPhoneSimulator.Build.0 = Debug|iPhoneSimulator
		{3670C220-05AA-4DD6-934E-F9CCAB7E5DB5}.Release|Any CPU.ActiveCfg = Release|iPhone
		{3670C220-05AA-4DD6-934E-F9CCAB7E5DB5}.Release|iPhone.ActiveCfg = Release|iPhone
		{3670C220-05AA-4DD6-934E-F9CCAB7E5DB5}.Release|iPhone.Build.0 = Release|iPhone
		{3670C220-05AA-4DD6-934E-F9CCAB7E5DB5}.Release|iPhoneSimulator.ActiveCfg = Release|iPhoneSimulator
		{3670C220-05AA-4DD6-934E-F9CCAB7E5DB5}.Release|iPhoneSimulator.Build.0 = Release|iPhoneSimulator
		{5934995A-6829-4CB5-BFBB-B11FC7AEF1F3}.Debug|Any CPU.ActiveCfg = Debug|Any CPU
		{5934995A-6829-4CB5-BFBB-B11FC7AEF1F3}.Debug|Any CPU.Build.0 = Debug|Any CPU
		{5934995A-6829-4CB5-BFBB-B11FC7AEF1F3}.Debug|iPhone.ActiveCfg = Debug|Any CPU
		{5934995A-6829-4CB5-BFBB-B11FC7AEF1F3}.Debug|iPhone.Build.0 = Debug|Any CPU
		{5934995A-6829-4CB5-BFBB-B11FC7AEF1F3}.Debug|iPhoneSimulator.ActiveCfg = Debug|Any CPU
		{5934995A-6829-4CB5-BFBB-B11FC7AEF1F3}.Debug|iPhoneSimulator.Build.0 = Debug|Any CPU
		{5934995A-6829-4CB5-BFBB-B11FC7AEF1F3}.Release|Any CPU.ActiveCfg = Release|Any CPU
		{5934995A-6829-4CB5-BFBB-B11FC7AEF1F3}.Release|Any CPU.Build.0 = Release|Any CPU
		{5934995A-6829-4CB5-BFBB-B11FC7AEF1F3}.Release|iPhone.ActiveCfg = Release|Any CPU
		{5934995A-6829-4CB5-BFBB-B11FC7AEF1F3}.Release|iPhone.Build.0 = Release|Any CPU
		{5934995A-6829-4CB5-BFBB-B11FC7AEF1F3}.Release|iPhoneSimulator.ActiveCfg = Release|Any CPU
		{5934995A-6829-4CB5-BFBB-B11FC7AEF1F3}.Release|iPhoneSimulator.Build.0 = Release|Any CPU
	EndGlobalSection
	GlobalSection(SolutionProperties) = preSolution
		HideSolutionNode = FALSE
	EndGlobalSection
	GlobalSection(ExtensibilityGlobals) = postSolution
		SolutionGuid = {D36D1865-814F-49A5-9776-BC1EB95C1C6E}
	EndGlobalSection
EndGlobal
